
Microsoft Visual Studio Solution File, Format Version 12.00
# Visual Studio Version 17
VisualStudioVersion = 17.6.33723.286
MinimumVisualStudioVersion = 10.0.40219.1
Project("{9A19103F-16F7-4668-BE54-9A1E7A4F7556}") = "AgileBoard.API", "AgileBoard\AgileBoard.API.csproj", "{3FB3C5AD-C99F-490E-951C-79AFD565F3C9}"
EndProject
Project("{9A19103F-16F7-4668-BE54-9A1E7A4F7556}") = "AgileBoard.Application", "AgileBoard.Application\AgileBoard.Application.csproj", "{97731EA5-46A8-4044-89CD-E42BD4A4365C}"
EndProject
Project("{9A19103F-16F7-4668-BE54-9A1E7A4F7556}") = "AgileBoard.Domain", "AgileBoard.Domain\AgileBoard.Domain.csproj", "{1831BFF5-153D-4A89-BC60-58E0A7CD7A19}"
EndProject
Project("{9A19103F-16F7-4668-BE54-9A1E7A4F7556}") = "AgileBoard.Infrastructure", "AgileBoard.Infrastructure\AgileBoard.Infrastructure.csproj", "{73FF1B7F-73B3-4098-ABF2-34BF04C7C760}"
EndProject
Project("{9A19103F-16F7-4668-BE54-9A1E7A4F7556}") = "AgileBoard.UI", "AgileBoard.UI\AgileBoard.UI.csproj", "{22D7F040-763A-4FDC-9CD5-5F1C43E13B0D}"
EndProject
Global
	GlobalSection(SolutionConfigurationPlatforms) = preSolution
		Debug|Any CPU = Debug|Any CPU
		Release|Any CPU = Release|Any CPU
	EndGlobalSection
	GlobalSection(ProjectConfigurationPlatforms) = postSolution
		{3FB3C5AD-C99F-490E-951C-79AFD565F3C9}.Debug|Any CPU.ActiveCfg = Debug|Any CPU
		{3FB3C5AD-C99F-490E-951C-79AFD565F3C9}.Debug|Any CPU.Build.0 = Debug|Any CPU
		{3FB3C5AD-C99F-490E-951C-79AFD565F3C9}.Release|Any CPU.ActiveCfg = Release|Any CPU
		{3FB3C5AD-C99F-490E-951C-79AFD565F3C9}.Release|Any CPU.Build.0 = Release|Any CPU
		{97731EA5-46A8-4044-89CD-E42BD4A4365C}.Debug|Any CPU.ActiveCfg = Debug|Any CPU
		{97731EA5-46A8-4044-89CD-E42BD4A4365C}.Debug|Any CPU.Build.0 = Debug|Any CPU
		{97731EA5-46A8-4044-89CD-E42BD4A4365C}.Release|Any CPU.ActiveCfg = Release|Any CPU
		{97731EA5-46A8-4044-89CD-E42BD4A4365C}.Release|Any CPU.Build.0 = Release|Any CPU
		{1831BFF5-153D-4A89-BC60-58E0A7CD7A19}.Debug|Any CPU.ActiveCfg = Debug|Any CPU
		{1831BFF5-153D-4A89-BC60-58E0A7CD7A19}.Debug|Any CPU.Build.0 = Debug|Any CPU
		{1831BFF5-153D-4A89-BC60-58E0A7CD7A19}.Release|Any CPU.ActiveCfg = Release|Any CPU
		{1831BFF5-153D-4A89-BC60-58E0A7CD7A19}.Release|Any CPU.Build.0 = Release|Any CPU
		{73FF1B7F-73B3-4098-ABF2-34BF04C7C760}.Debug|Any CPU.ActiveCfg = Debug|Any CPU
		{73FF1B7F-73B3-4098-ABF2-34BF04C7C760}.Debug|Any CPU.Build.0 = Debug|Any CPU
		{73FF1B7F-73B3-4098-ABF2-34BF04C7C760}.Release|Any CPU.ActiveCfg = Release|Any CPU
		{73FF1B7F-73B3-4098-ABF2-34BF04C7C760}.Release|Any CPU.Build.0 = Release|Any CPU
		{22D7F040-763A-4FDC-9CD5-5F1C43E13B0D}.Debug|Any CPU.ActiveCfg = Debug|Any CPU
		{22D7F040-763A-4FDC-9CD5-5F1C43E13B0D}.Debug|Any CPU.Build.0 = Debug|Any CPU
		{22D7F040-763A-4FDC-9CD5-5F1C43E13B0D}.Release|Any CPU.ActiveCfg = Release|Any CPU
		{22D7F040-763A-4FDC-9CD5-5F1C43E13B0D}.Release|Any CPU.Build.0 = Release|Any CPU
	EndGlobalSection
	GlobalSection(SolutionProperties) = preSolution
		HideSolutionNode = FALSE
	EndGlobalSection
	GlobalSection(ExtensibilityGlobals) = postSolution
		SolutionGuid = {B7AB345C-B81E-4FBB-B004-2990AA2B32AC}
	EndGlobalSection
EndGlobal
